# THIS IS AN AUTOGENERATED FILE. DO NOT EDIT THIS FILE DIRECTLY.
# yarn lockfile v1


"@openzeppelin/contracts-upgradeable@4.7.3":
  version "4.7.3"
  resolved "https://registry.yarnpkg.com/@openzeppelin/contracts-upgradeable/-/contracts-upgradeable-4.7.3.tgz#f1d606e2827d409053f3e908ba4eb8adb1dd6995"
  integrity sha512-+wuegAMaLcZnLCJIvrVUDzA9z/Wp93f0Dla/4jJvIhijRrPabjQbZe6fWiECLaJyfn5ci9fqf9vTw3xpQOad2A==
